
Microsoft Visual Studio Solution File, Format Version 12.00
# Visual Studio Version 16
VisualStudioVersion = 16.0.30804.86
MinimumVisualStudioVersion = 10.0.40219.1
Project("{FAE04EC0-301F-11D3-BF4B-00C04F79EFBC}") = "QuanLyQuanCafe", "QuanLyQuanCafe\QuanLyQuanCafe.csproj", "{BE642685-1088-4D2F-82EC-48EEC3F0A03D}"
EndProject
Global
	GlobalSection(SolutionConfigurationPlatforms) = preSolution
		Debug|Any CPU = Debug|Any CPU
		Release|Any CPU = Release|Any CPU
	EndGlobalSection
	GlobalSection(ProjectConfigurationPlatforms) = postSolution
		{BE642685-1088-4D2F-82EC-48EEC3F0A03D}.Debug|Any CPU.ActiveCfg = Debug|Any CPU
		{BE642685-1088-4D2F-82EC-48EEC3F0A03D}.Debug|Any CPU.Build.0 = Debug|Any CPU
		{BE642685-1088-4D2F-82EC-48EEC3F0A03D}.Release|Any CPU.ActiveCfg = Release|Any CPU
		{BE642685-1088-4D2F-82EC-48EEC3F0A03D}.Release|Any CPU.Build.0 = Release|Any CPU
	EndGlobalSection
	GlobalSection(SolutionProperties) = preSolution
		HideSolutionNode = FALSE
	EndGlobalSection
	GlobalSection(ExtensibilityGlobals) = postSolution
		SolutionGuid = {60783583-1260-4995-ABCC-54D150A4B63C}
	EndGlobalSection
EndGlobal
